
Microsoft Visual Studio Solution File, Format Version 12.00
# Visual Studio Version 17
VisualStudioVersion = 17.14.36518.9 d17.14
MinimumVisualStudioVersion = 10.0.40219.1
Project("{FAE04EC0-301F-11D3-BF4B-00C04F79EFBC}") = "MbThreatTracker", "MbThreatTracker\MbThreatTracker.csproj", "{ABA0A1DB-C63B-4039-AA6B-D10879B13ACC}"
EndProject
Global
	GlobalSection(SolutionConfigurationPlatforms) = preSolution
		Debug|Any CPU = Debug|Any CPU
		Release|Any CPU = Release|Any CPU
	EndGlobalSection
	GlobalSection(ProjectConfigurationPlatforms) = postSolution
		{ABA0A1DB-C63B-4039-AA6B-D10879B13ACC}.Debug|Any CPU.ActiveCfg = Debug|Any CPU
		{ABA0A1DB-C63B-4039-AA6B-D10879B13ACC}.Debug|Any CPU.Build.0 = Debug|Any CPU
		{ABA0A1DB-C63B-4039-AA6B-D10879B13ACC}.Release|Any CPU.ActiveCfg = Release|Any CPU
		{ABA0A1DB-C63B-4039-AA6B-D10879B13ACC}.Release|Any CPU.Build.0 = Release|Any CPU
	EndGlobalSection
	GlobalSection(SolutionProperties) = preSolution
		HideSolutionNode = FALSE
	EndGlobalSection
	GlobalSection(ExtensibilityGlobals) = postSolution
		SolutionGuid = {ECDFA4A3-7CFC-4DEF-8CC0-82E67534B642}
	EndGlobalSection
EndGlobal
